
Microsoft Visual Studio Solution File, Format Version 12.00
# Visual Studio Version 17
VisualStudioVersion = 17.2.32616.157
MinimumVisualStudioVersion = 10.0.40219.1
Project("{FAE04EC0-301F-11D3-BF4B-00C04F79EFBC}") = "APICliente", "APICliente\APICliente.csproj", "{940D29F5-D28E-4420-AA62-00455EAC39FD}"
EndProject
Global
	GlobalSection(SolutionConfigurationPlatforms) = preSolution
		Debug|Any CPU = Debug|Any CPU
		Release|Any CPU = Release|Any CPU
	EndGlobalSection
	GlobalSection(ProjectConfigurationPlatforms) = postSolution
		{940D29F5-D28E-4420-AA62-00455EAC39FD}.Debug|Any CPU.ActiveCfg = Debug|Any CPU
		{940D29F5-D28E-4420-AA62-00455EAC39FD}.Debug|Any CPU.Build.0 = Debug|Any CPU
		{940D29F5-D28E-4420-AA62-00455EAC39FD}.Release|Any CPU.ActiveCfg = Release|Any CPU
		{940D29F5-D28E-4420-AA62-00455EAC39FD}.Release|Any CPU.Build.0 = Release|Any CPU
	EndGlobalSection
	GlobalSection(SolutionProperties) = preSolution
		HideSolutionNode = FALSE
	EndGlobalSection
	GlobalSection(ExtensibilityGlobals) = postSolution
		SolutionGuid = {CD9D762F-6366-4273-B611-89D87B0C3984}
	EndGlobalSection
EndGlobal
